
Microsoft Visual Studio Solution File, Format Version 12.00
# Visual Studio 15
VisualStudioVersion = 15.0.27428.2002
MinimumVisualStudioVersion = 10.0.40219.1
Project("{FAE04EC0-301F-11D3-BF4B-00C04F79EFBC}") = "Social_Diplon", "Social_Diplon\Social_Diplon.csproj", "{BD6C8CC1-B653-4074-8F7E-1B24C3E6D9A5}"
EndProject
Global
	GlobalSection(SolutionConfigurationPlatforms) = preSolution
		Debug|Any CPU = Debug|Any CPU
		Release|Any CPU = Release|Any CPU
	EndGlobalSection
	GlobalSection(ProjectConfigurationPlatforms) = postSolution
		{BD6C8CC1-B653-4074-8F7E-1B24C3E6D9A5}.Debug|Any CPU.ActiveCfg = Debug|Any CPU
		{BD6C8CC1-B653-4074-8F7E-1B24C3E6D9A5}.Debug|Any CPU.Build.0 = Debug|Any CPU
		{BD6C8CC1-B653-4074-8F7E-1B24C3E6D9A5}.Release|Any CPU.ActiveCfg = Release|Any CPU
		{BD6C8CC1-B653-4074-8F7E-1B24C3E6D9A5}.Release|Any CPU.Build.0 = Release|Any CPU
	EndGlobalSection
	GlobalSection(SolutionProperties) = preSolution
		HideSolutionNode = FALSE
	EndGlobalSection
	GlobalSection(ExtensibilityGlobals) = postSolution
		SolutionGuid = {02124790-AB43-4ED6-8211-CB85B0247AF3}
	EndGlobalSection
EndGlobal
